
Microsoft Visual Studio Solution File, Format Version 12.00
# Visual Studio Version 17
VisualStudioVersion = 17.0.31903.59
MinimumVisualStudioVersion = 10.0.40219.1
Project("{FAE04EC0-301F-11D3-BF4B-00C04F79EFBC}") = "Client", "Client\Client.csproj", "{51E933D5-C922-4E20-B24D-013924E1367F}"
EndProject
Project("{FAE04EC0-301F-11D3-BF4B-00C04F79EFBC}") = "Functions101", "Functions101\Functions101.csproj", "{7EEF808A-3892-44D5-AAFB-03A4ABCCE401}"
EndProject
Global
	GlobalSection(SolutionConfigurationPlatforms) = preSolution
		Debug|Any CPU = Debug|Any CPU
		Release|Any CPU = Release|Any CPU
	EndGlobalSection
	GlobalSection(SolutionProperties) = preSolution
		HideSolutionNode = FALSE
	EndGlobalSection
	GlobalSection(ProjectConfigurationPlatforms) = postSolution
		{51E933D5-C922-4E20-B24D-013924E1367F}.Debug|Any CPU.ActiveCfg = Debug|Any CPU
		{51E933D5-C922-4E20-B24D-013924E1367F}.Debug|Any CPU.Build.0 = Debug|Any CPU
		{51E933D5-C922-4E20-B24D-013924E1367F}.Release|Any CPU.ActiveCfg = Release|Any CPU
		{51E933D5-C922-4E20-B24D-013924E1367F}.Release|Any CPU.Build.0 = Release|Any CPU
		{7EEF808A-3892-44D5-AAFB-03A4ABCCE401}.Debug|Any CPU.ActiveCfg = Debug|Any CPU
		{7EEF808A-3892-44D5-AAFB-03A4ABCCE401}.Debug|Any CPU.Build.0 = Debug|Any CPU
		{7EEF808A-3892-44D5-AAFB-03A4ABCCE401}.Release|Any CPU.ActiveCfg = Release|Any CPU
		{7EEF808A-3892-44D5-AAFB-03A4ABCCE401}.Release|Any CPU.Build.0 = Release|Any CPU
	EndGlobalSection
EndGlobal
